// !$*UTF8*$!
{
	archiveVersion = 1;
	classes = {
	};
	objectVersion = 51;
	objects = {

/* Begin PBXBuildFile section */
		73C98136ECCE0FEBF09A995A /* Pods_ShopifyW20.framework in Frameworks */ = {isa = PBXBuildFile; fileRef = 67928DC4498A9E2FA1EA0B1B /* Pods_ShopifyW20.framework */; };
		B323500023D00FA000E68BF1 /* shuffle.png in Resources */ = {isa = PBXBuildFile; fileRef = B3234FFF23D00FA000E68BF1 /* shuffle.png */; };
		B370A40A2337F35300315E5C /* AppDelegate.swift in Sources */ = {isa = PBXBuildFile; fileRef = B370A4092337F35300315E5C /* AppDelegate.swift */; };
		B370A40C2337F35300315E5C /* ViewController.swift in Sources */ = {isa = PBXBuildFile; fileRef = B370A40B2337F35300315E5C /* ViewController.swift */; };
		B370A40F2337F35300315E5C /* Main.storyboard in Resources */ = {isa = PBXBuildFile; fileRef = B370A40D2337F35300315E5C /* Main.storyboard */; };
		B370A4112337F35500315E5C /* Assets.xcassets in Resources */ = {isa = PBXBuildFile; fileRef = B370A4102337F35500315E5C /* Assets.xcassets */; };
		B370A4142337F35500315E5C /* LaunchScreen.storyboard in Resources */ = {isa = PBXBuildFile; fileRef = B370A4122337F35500315E5C /* LaunchScreen.storyboard */; };
		B370A41D233803C900315E5C /* MemoryMatching.swift in Sources */ = {isa = PBXBuildFile; fileRef = B370A41C233803C900315E5C /* MemoryMatching.swift */; };
		B370A41F2338045A00315E5C /* Card.swift in Sources */ = {isa = PBXBuildFile; fileRef = B370A41E2338045A00315E5C /* Card.swift */; };
		B370A4282338327500315E5C /* Product.swift in Sources */ = {isa = PBXBuildFile; fileRef = B370A4272338327500315E5C /* Product.swift */; };
		B370A42D2338349D00315E5C /* Image.swift in Sources */ = {isa = PBXBuildFile; fileRef = B370A42C2338349D00315E5C /* Image.swift */; };
		B370A4312338410500315E5C /* ShopifyProduct.swift in Sources */ = {isa = PBXBuildFile; fileRef = B370A4302338410500315E5C /* ShopifyProduct.swift */; };
/* End PBXBuildFile section */

/* Begin PBXFileReference section */
		52E455BA4AFA3A06B64ACC87 /* Pods-ShopifyW20.debug.xcconfig */ = {isa = PBXFileReference; includeInIndex = 1; lastKnownFileType = text.xcconfig; name = "Pods-ShopifyW20.debug.xcconfig"; path = "Pods/Target Support Files/Pods-ShopifyW20/Pods-ShopifyW20.debug.xcconfig"; sourceTree = "<group>"; };
		67928DC4498A9E2FA1EA0B1B /* Pods_ShopifyW20.framework */ = {isa = PBXFileReference; explicitFileType = wrapper.framework; includeInIndex = 0; path = Pods_ShopifyW20.framework; sourceTree = BUILT_PRODUCTS_DIR; };
		A47280575BAE58DD591A5835 /* Pods-ShopifyW20.release.xcconfig */ = {isa = PBXFileReference; includeInIndex = 1; lastKnownFileType = text.xcconfig; name = "Pods-ShopifyW20.release.xcconfig"; path = "Pods/Target Support Files/Pods-ShopifyW20/Pods-ShopifyW20.release.xcconfig"; sourceTree = "<group>"; };
		B3234FFF23D00FA000E68BF1 /* shuffle.png */ = {isa = PBXFileReference; lastKnownFileType = image.png; path = shuffle.png; sourceTree = "<group>"; };
		B370A4062337F35300315E5C /* ShopifyW20.app */ = {isa = PBXFileReference; explicitFileType = wrapper.application; includeInIndex = 0; path = ShopifyW20.app; sourceTree = BUILT_PRODUCTS_DIR; };
		B370A4092337F35300315E5C /* AppDelegate.swift */ = {isa = PBXFileReference; lastKnownFileType = sourcecode.swift; path = AppDelegate.swift; sourceTree = "<group>"; };
		B370A40B2337F35300315E5C /* ViewController.swift */ = {isa = PBXFileReference; lastKnownFileType = sourcecode.swift; path = ViewController.swift; sourceTree = "<group>"; };
		B370A40E2337F35300315E5C /* Base */ = {isa = PBXFileReference; lastKnownFileType = file.storyboard; name = Base; path = Base.lproj/Main.storyboard; sourceTree = "<group>"; };
		B370A4102337F35500315E5C /* Assets.xcassets */ = {isa = PBXFileReference; lastKnownFileType = folder.assetcatalog; path = Assets.xcassets; sourceTree = "<group>"; };
		B370A4132337F35500315E5C /* Base */ = {isa = PBXFileReference; lastKnownFileType = file.storyboard; name = Base; path = Base.lproj/LaunchScreen.storyboard; sourceTree = "<group>"; };
		B370A4152337F35500315E5C /* Info.plist */ = {isa = PBXFileReference; lastKnownFileType = text.plist.xml; path = Info.plist; sourceTree = "<group>"; };
		B370A41C233803C900315E5C /* MemoryMatching.swift */ = {isa = PBXFileReference; lastKnownFileType = sourcecode.swift; path = MemoryMatching.swift; sourceTree = "<group>"; };
		B370A41E2338045A00315E5C /* Card.swift */ = {isa = PBXFileReference; lastKnownFileType = sourcecode.swift; path = Card.swift; sourceTree = "<group>"; };
		B370A4272338327500315E5C /* Product.swift */ = {isa = PBXFileReference; lastKnownFileType = sourcecode.swift; path = Product.swift; sourceTree = "<group>"; };
		B370A42C2338349D00315E5C /* Image.swift */ = {isa = PBXFileReference; lastKnownFileType = sourcecode.swift; path = Image.swift; sourceTree = "<group>"; };
		B370A4302338410500315E5C /* ShopifyProduct.swift */ = {isa = PBXFileReference; lastKnownFileType = sourcecode.swift; path = ShopifyProduct.swift; sourceTree = "<group>"; };
/* End PBXFileReference section */

/* Begin PBXFrameworksBuildPhase section */
		B370A4032337F35300315E5C /* Frameworks */ = {
			isa = PBXFrameworksBuildPhase;
			buildActionMask = 2147483647;
			files = (
				73C98136ECCE0FEBF09A995A /* Pods_ShopifyW20.framework in Frameworks */,
			);
			runOnlyForDeploymentPostprocessing = 0;
		};
/* End PBXFrameworksBuildPhase section */

/* Begin PBXGroup section */
		560EAC4983044CD3E42892BF /* Pods */ = {
			isa = PBXGroup;
			children = (
				52E455BA4AFA3A06B64ACC87 /* Pods-ShopifyW20.debug.xcconfig */,
				A47280575BAE58DD591A5835 /* Pods-ShopifyW20.release.xcconfig */,
			);
			name = Pods;
			sourceTree = "<group>";
		};
		9717773263A1757B1BF76481 /* Frameworks */ = {
			isa = PBXGroup;
			children = (
				67928DC4498A9E2FA1EA0B1B /* Pods_ShopifyW20.framework */,
			);
			name = Frameworks;
			sourceTree = "<group>";
		};
		B370A3FD2337F35300315E5C = {
			isa = PBXGroup;
			children = (
				B370A4082337F35300315E5C /* ShopifyW20 */,
				B370A4072337F35300315E5C /* Products */,
				560EAC4983044CD3E42892BF /* Pods */,
				9717773263A1757B1BF76481 /* Frameworks */,
			);
			sourceTree = "<group>";
		};
		B370A4072337F35300315E5C /* Products */ = {
			isa = PBXGroup;
			children = (
				B370A4062337F35300315E5C /* ShopifyW20.app */,
			);
			name = Products;
			sourceTree = "<group>";
		};
		B370A4082337F35300315E5C /* ShopifyW20 */ = {
			isa = PBXGroup;
			children = (
				B3234FFF23D00FA000E68BF1 /* shuffle.png */,
				B370A41B2337F3EE00315E5C /* Misc */,
				B370A40B2337F35300315E5C /* ViewController.swift */,
				B370A40D2337F35300315E5C /* Main.storyboard */,
				B370A41C233803C900315E5C /* MemoryMatching.swift */,
				B370A41E2338045A00315E5C /* Card.swift */,
				B370A4152337F35500315E5C /* Info.plist */,
				B370A4292338339900315E5C /* Models */,
			);
			path = ShopifyW20;
			sourceTree = "<group>";
		};
		B370A41B2337F3EE00315E5C /* Misc */ = {
			isa = PBXGroup;
			children = (
				B370A4122337F35500315E5C /* LaunchScreen.storyboard */,
				B370A4092337F35300315E5C /* AppDelegate.swift */,
				B370A4102337F35500315E5C /* Assets.xcassets */,
			);
			path = Misc;
			sourceTree = "<group>";
		};
		B370A4292338339900315E5C /* Models */ = {
			isa = PBXGroup;
			children = (
				B370A4272338327500315E5C /* Product.swift */,
				B370A42C2338349D00315E5C /* Image.swift */,
				B370A4302338410500315E5C /* ShopifyProduct.swift */,
			);
			path = Models;
			sourceTree = "<group>";
		};
/* End PBXGroup section */

/* Begin PBXNativeTarget section */
		B370A4052337F35300315E5C /* ShopifyW20 */ = {
			isa = PBXNativeTarget;
			buildConfigurationList = B370A4182337F35500315E5C /* Build configuration list for PBXNativeTarget "ShopifyW20" */;
			buildPhases = (
				A9A3355A1D2582F9464AD996 /* [CP] Check Pods Manifest.lock */,
				B370A4022337F35300315E5C /* Sources */,
				B370A4032337F35300315E5C /* Frameworks */,
				B370A4042337F35300315E5C /* Resources */,
				AE9D54DCA12F43F5E71A8687 /* [CP] Embed Pods Frameworks */,
			);
			buildRules = (
			);
			dependencies = (
			);
			name = ShopifyW20;
			productName = ShopifyW20;
			productReference = B370A4062337F35300315E5C /* ShopifyW20.app */;
			productType = "com.apple.product-type.application";
		};
/* End PBXNativeTarget section */

/* Begin PBXProject section */
		B370A3FE2337F35300315E5C /* Project object */ = {
			isa = PBXProject;
			attributes = {
				LastSwiftUpdateCheck = 1030;
				LastUpgradeCheck = 1030;
				ORGANIZATIONNAME = "Dema Abu Adas";
				TargetAttributes = {
					B370A4052337F35300315E5C = {
						CreatedOnToolsVersion = 10.3;
					};
				};
			};
			buildConfigurationList = B370A4012337F35300315E5C /* Build configuration list for PBXProject "ShopifyW20" */;
			compatibilityVersion = "Xcode 9.3";
			developmentRegion = en;
			hasScannedForEncodings = 0;
			knownRegions = (
				en,
				Base,
			);
			mainGroup = B370A3FD2337F35300315E5C;
			productRefGroup = B370A4072337F35300315E5C /* Products */;
			projectDirPath = "";
			projectRoot = "";
			targets = (
				B370A4052337F35300315E5C /* ShopifyW20 */,
			);
		};
/* End PBXProject section */

/* Begin PBXResourcesBuildPhase section */
		B370A4042337F35300315E5C /* Resources */ = {
			isa = PBXResourcesBuildPhase;
			buildActionMask = 2147483647;
			files = (
				B370A4142337F35500315E5C /* LaunchScreen.storyboard in Resources */,
				B370A4112337F35500315E5C /* Assets.xcassets in Resources */,
				B370A40F2337F35300315E5C /* Main.storyboard in Resources */,
				B323500023D00FA000E68BF1 /* shuffle.png in Resources */,
			);
			runOnlyForDeploymentPostprocessing = 0;
		};
/* End PBXResourcesBuildPhase section */

/* Begin PBXShellScriptBuildPhase section */
		A9A3355A1D2582F9464AD996 /* [CP] Check Pods Manifest.lock */ = {
			isa = PBXShellScriptBuildPhase;
			buildActionMask = 2147483647;
			files = (
			);
			inputFileListPaths = (
			);
			inputPaths = (
				"${PODS_PODFILE_DIR_PATH}/Podfile.lock",
				"${PODS_ROOT}/Manifest.lock",
			);
			name = "[CP] Check Pods Manifest.lock";
			outputFileListPaths = (
			);
			outputPaths = (
				"$(DERIVED_FILE_DIR)/Pods-ShopifyW20-checkManifestLockResult.txt",
			);
			runOnlyForDeploymentPostprocessing = 0;
			shellPath = /bin/sh;
			shellScript = "diff \"${PODS_PODFILE_DIR_PATH}/Podfile.lock\" \"${PODS_ROOT}/Manifest.lock\" > /dev/null\nif [ $? != 0 ] ; then\n    # print error to STDERR\n    echo \"error: The sandbox is not in sync with the Podfile.lock. Run 'pod install' or update your CocoaPods installation.\" >&2\n    exit 1\nfi\n# This output is used by Xcode 'outputs' to avoid re-running this script phase.\necho \"SUCCESS\" > \"${SCRIPT_OUTPUT_FILE_0}\"\n";
			showEnvVarsInLog = 0;
		};
		AE9D54DCA12F43F5E71A8687 /* [CP] Embed Pods Frameworks */ = {
			isa = PBXShellScriptBuildPhase;
			buildActionMask = 2147483647;
			files = (
			);
			inputFileListPaths = (
				"${PODS_ROOT}/Target Support Files/Pods-ShopifyW20/Pods-ShopifyW20-frameworks-${CONFIGURATION}-input-files.xcfilelist",
			);
			name = "[CP] Embed Pods Frameworks";
			outputFileListPaths = (
				"${PODS_ROOT}/Target Support Files/Pods-ShopifyW20/Pods-ShopifyW20-frameworks-${CONFIGURATION}-output-files.xcfilelist",
			);
			runOnlyForDeploymentPostprocessing = 0;
			shellPath = /bin/sh;
			shellScript = "\"${PODS_ROOT}/Target Support Files/Pods-ShopifyW20/Pods-ShopifyW20-frameworks.sh\"\n";
			showEnvVarsInLog = 0;
		};
/* End PBXShellScriptBuildPhase section */

/* Begin PBXSourcesBuildPhase section */
		B370A4022337F35300315E5C /* Sources */ = {
			isa = PBXSourcesBuildPhase;
			buildActionMask = 2147483647;
			files = (
				B370A40C2337F35300315E5C /* ViewController.swift in Sources */,
				B370A42D2338349D00315E5C /* Image.swift in Sources */,
				B370A40A2337F35300315E5C /* AppDelegate.swift in Sources */,
				B370A41D233803C900315E5C /* MemoryMatching.swift in Sources */,
				B370A41F2338045A00315E5C /* Card.swift in Sources */,
				B370A4312338410500315E5C /* ShopifyProduct.swift in Sources */,
				B370A4282338327500315E5C /* Product.swift in Sources */,
			);
			runOnlyForDeploymentPostprocessing = 0;
		};
/* End PBXSourcesBuildPhase section */

/* Begin PBXVariantGroup section */
		B370A40D2337F35300315E5C /* Main.storyboard */ = {
			isa = PBXVariantGroup;
			children = (
				B370A40E2337F35300315E5C /* Base */,
			);
			name = Main.storyboard;
			sourceTree = "<group>";
		};
		B370A4122337F35500315E5C /* LaunchScreen.storyboard */ = {
			isa = PBXVariantGroup;
			children = (
				B370A4132337F35500315E5C /* Base */,
			);
			name = LaunchScreen.storyboard;
			sourceTree = "<group>";
		};
/* End PBXVariantGroup section */

/* Begin XCBuildConfiguration section */
		B370A4162337F35500315E5C /* Debug */ = {
			isa = XCBuildConfiguration;
			buildSettings = {
				ALWAYS_SEARCH_USER_PATHS = NO;
				CLANG_ANALYZER_NONNULL = YES;
				CLANG_ANALYZER_NUMBER_OBJECT_CONVERSION = YES_AGGRESSIVE;
				CLANG_CXX_LANGUAGE_STANDARD = "gnu++14";
				CLANG_CXX_LIBRARY = "libc++";
				CLANG_ENABLE_MODULES = YES;
				CLANG_ENABLE_OBJC_ARC = YES;
				CLANG_ENABLE_OBJC_WEAK = YES;
				CLANG_WARN_BLOCK_CAPTURE_AUTORELEASING = YES;
				CLANG_WARN_BOOL_CONVERSION = YES;
				CLANG_WARN_COMMA = YES;
				CLANG_WARN_CONSTANT_CONVERSION = YES;
				CLANG_WARN_DEPRECATED_OBJC_IMPLEMENTATIONS = YES;
				CLANG_WARN_DIRECT_OBJC_ISA_USAGE = YES_ERROR;
				CLANG_WARN_DOCUMENTATION_COMMENTS = YES;
				CLANG_WARN_EMPTY_BODY = YES;
				CLANG_WARN_ENUM_CONVERSION = YES;
				CLANG_WARN_INFINITE_RECURSION = YES;
				CLANG_WARN_INT_CONVERSION = YES;
				CLANG_WARN_NON_LITERAL_NULL_CONVERSION = YES;
				CLANG_WARN_OBJC_IMPLICIT_RETAIN_SELF = YES;
				CLANG_WARN_OBJC_LITERAL_CONVERSION = YES;
				CLANG_WARN_OBJC_ROOT_CLASS = YES_ERROR;
				CLANG_WARN_RANGE_LOOP_ANALYSIS = YES;
				CLANG_WARN_STRICT_PROTOTYPES = YES;
				CLANG_WARN_SUSPICIOUS_MOVE = YES;
				CLANG_WARN_UNGUARDED_AVAILABILITY = YES_AGGRESSIVE;
				CLANG_WARN_UNREACHABLE_CODE = YES;
				CLANG_WARN__DUPLICATE_METHOD_MATCH = YES;
				CODE_SIGN_IDENTITY = "iPhone Developer";
				COPY_PHASE_STRIP = NO;
				DEBUG_INFORMATION_FORMAT = dwarf;
				ENABLE_STRICT_OBJC_MSGSEND = YES;
				ENABLE_TESTABILITY = YES;
				GCC_C_LANGUAGE_STANDARD = gnu11;
				GCC_DYNAMIC_NO_PIC = NO;
				GCC_NO_COMMON_BLOCKS = YES;
				GCC_OPTIMIZATION_LEVEL = 0;
				GCC_PREPROCESSOR_DEFINITIONS = (
					"DEBUG=1",
					"$(inherited)",
				);
				GCC_WARN_64_TO_32_BIT_CONVERSION = YES;
				GCC_WARN_ABOUT_RETURN_TYPE = YES_ERROR;
				GCC_WARN_UNDECLARED_SELECTOR = YES;
				GCC_WARN_UNINITIALIZED_AUTOS = YES_AGGRESSIVE;
				GCC_WARN_UNUSED_FUNCTION = YES;
				GCC_WARN_UNUSED_VARIABLE = YES;
				IPHONEOS_DEPLOYMENT_TARGET = 12.4;
				MTL_ENABLE_DEBUG_INFO = INCLUDE_SOURCE;
				MTL_FAST_MATH = YES;
				ONLY_ACTIVE_ARCH = YES;
				SDKROOT = iphoneos;
				SWIFT_ACTIVE_COMPILATION_CONDITIONS = DEBUG;
				SWIFT_OPTIMIZATION_LEVEL = "-Onone";
			};
			name = Debug;
		};
		B370A4172337F35500315E5C /* Release */ = {
			isa = XCBuildConfiguration;
			buildSettings = {
				ALWAYS_SEARCH_USER_PATHS = NO;
				CLANG_ANALYZER_NONNULL = YES;
				CLANG_ANALYZER_NUMBER_OBJECT_CONVERSION = YES_AGGRESSIVE;
				CLANG_CXX_LANGUAGE_STANDARD = "gnu++14";
				CLANG_CXX_LIBRARY = "libc++";
				CLANG_ENABLE_MODULES = YES;
				CLANG_ENABLE_OBJC_ARC = YES;
				CLANG_ENABLE_OBJC_WEAK = YES;
				CLANG_WARN_BLOCK_CAPTURE_AUTORELEASING = YES;
				CLANG_WARN_BOOL_CONVERSION = YES;
				CLANG_WARN_COMMA = YES;
				CLANG_WARN_CONSTANT_CONVERSION = YES;
				CLANG_WARN_DEPRECATED_OBJC_IMPLEMENTATIONS = YES;
				CLANG_WARN_DIRECT_OBJC_ISA_USAGE = YES_ERROR;
				CLANG_WARN_DOCUMENTATION_COMMENTS = YES;
				CLANG_WARN_EMPTY_BODY = YES;
				CLANG_WARN_ENUM_CONVERSION = YES;
				CLANG_WARN_INFINITE_RECURSION = YES;
				CLANG_WARN_INT_CONVERSION = YES;
				CLANG_WARN_NON_LITERAL_NULL_CONVERSION = YES;
				CLANG_WARN_OBJC_IMPLICIT_RETAIN_SELF = YES;
				CLANG_WARN_OBJC_LITERAL_CONVERSION = YES;
				CLANG_WARN_OBJC_ROOT_CLASS = YES_ERROR;
				CLANG_WARN_RANGE_LOOP_ANALYSIS = YES;
				CLANG_WARN_STRICT_PROTOTYPES = YES;
				CLANG_WARN_SUSPICIOUS_MOVE = YES;
				CLANG_WARN_UNGUARDED_AVAILABILITY = YES_AGGRESSIVE;
				CLANG_WARN_UNREACHABLE_CODE = YES;
				CLANG_WARN__DUPLICATE_METHOD_MATCH = YES;
				CODE_SIGN_IDENTITY = "iPhone Developer";
				COPY_PHASE_STRIP = NO;
				DEBUG_INFORMATION_FORMAT = "dwarf-with-dsym";
				ENABLE_NS_ASSERTIONS = NO;
				ENABLE_STRICT_OBJC_MSGSEND = YES;
				GCC_C_LANGUAGE_STANDARD = gnu11;
				GCC_NO_COMMON_BLOCKS = YES;
				GCC_WARN_64_TO_32_BIT_CONVERSION = YES;
				GCC_WARN_ABOUT_RETURN_TYPE = YES_ERROR;
				GCC_WARN_UNDECLARED_SELECTOR = YES;
				GCC_WARN_UNINITIALIZED_AUTOS = YES_AGGRESSIVE;
				GCC_WARN_UNUSED_FUNCTION = YES;
				GCC_WARN_UNUSED_VARIABLE = YES;
				IPHONEOS_DEPLOYMENT_TARGET = 12.4;
				MTL_ENABLE_DEBUG_INFO = NO;
				MTL_FAST_MATH = YES;
				SDKROOT = iphoneos;
				SWIFT_COMPILATION_MODE = wholemodule;
				SWIFT_OPTIMIZATION_LEVEL = "-O";
				VALIDATE_PRODUCT = YES;
			};
			name = Release;
		};
		B370A4192337F35500315E5C /* Debug */ = {
			isa = XCBuildConfiguration;
			baseConfigurationReference = 52E455BA4AFA3A06B64ACC87 /* Pods-ShopifyW20.debug.xcconfig */;
			buildSettings = {
				ASSETCATALOG_COMPILER_APPICON_NAME = AppIcon;
				CODE_SIGN_STYLE = Automatic;
				DEVELOPMENT_TEAM = 46UNFSHQD2;
				INFOPLIST_FILE = ShopifyW20/Info.plist;
				LD_RUNPATH_SEARCH_PATHS = (
					"$(inherited)",
					"@executable_path/Frameworks",
				);
				PRODUCT_BUNDLE_IDENTIFIER = dema.memory.matching.ShopifyW20;
				PRODUCT_NAME = "$(TARGET_NAME)";
				SWIFT_VERSION = 5.0;
				TARGETED_DEVICE_FAMILY = "1,2";
			};
			name = Debug;
		};
		B370A41A2337F35500315E5C /* Release */ = {
			isa = XCBuildConfiguration;
			baseConfigurationReference = A47280575BAE58DD591A5835 /* Pods-ShopifyW20.release.xcconfig */;
			buildSettings = {
				ASSETCATALOG_COMPILER_APPICON_NAME = AppIcon;
				CODE_SIGN_STYLE = Automatic;
				DEVELOPMENT_TEAM = 46UNFSHQD2;
				INFOPLIST_FILE = ShopifyW20/Info.plist;
				LD_RUNPATH_SEARCH_PATHS = (
					"$(inherited)",
					"@executable_path/Frameworks",
				);
				PRODUCT_BUNDLE_IDENTIFIER = dema.memory.matching.ShopifyW20;
				PRODUCT_NAME = "$(TARGET_NAME)";
				SWIFT_VERSION = 5.0;
				TARGETED_DEVICE_FAMILY = "1,2";
			};
			name = Release;
		};
/* End XCBuildConfiguration section */

/* Begin XCConfigurationList section */
		B370A4012337F35300315E5C /* Build configuration list for PBXProject "ShopifyW20" */ = {
			isa = XCConfigurationList;
			buildConfigurations = (
				B370A4162337F35500315E5C /* Debug */,
				B370A4172337F35500315E5C /* Release */,
			);
			defaultConfigurationIsVisible = 0;
			defaultConfigurationName = Release;
		};
		B370A4182337F35500315E5C /* Build configuration list for PBXNativeTarget "ShopifyW20" */ = {
			isa = XCConfigurationList;
			buildConfigurations = (
				B370A4192337F35500315E5C /* Debug */,
				B370A41A2337F35500315E5C /* Release */,
			);
			defaultConfigurationIsVisible = 0;
			defaultConfigurationName = Release;
		};
/* End XCConfigurationList section */
	};
	rootObject = B370A3FE2337F35300315E5C /* Project object */;
}
